{
  "name": "part1",
  "lockfileVersion": 3,
  "requires": true,
  "packages": {
    "": {
      "dependencies": {
        "blessed": "^0.1.81"
      }
    },
    "node_modules/blessed": {
      "version": "0.1.81",
      "resolved": "https://unpm.uberinternal.com/blessed/-/blessed-0.1.81.tgz",
      "integrity": "sha1-+WLWh+wsNpVwrnGvhDJW5tDKESk=",
      "license": "MIT",
      "bin": {
        "blessed": "bin/tput.js"
      },
      "engines": {
        "node": ">= 0.8.0"
      }
    }
  }
}
